
Microsoft Visual Studio Solution File, Format Version 12.00
# Visual Studio Version 17
VisualStudioVersion = 17.13.35931.197 d17.13
MinimumVisualStudioVersion = 10.0.40219.1
Project("{FAE04EC0-301F-11D3-BF4B-00C04F79EFBC}") = "ProductInventory", "ProductInventory\ProductInventory.csproj", "{4955B28F-4496-4EF1-9548-19CC4E80EED5}"
EndProject
Global
	GlobalSection(SolutionConfigurationPlatforms) = preSolution
		Debug|Any CPU = Debug|Any CPU
		Release|Any CPU = Release|Any CPU
	EndGlobalSection
	GlobalSection(ProjectConfigurationPlatforms) = postSolution
		{4955B28F-4496-4EF1-9548-19CC4E80EED5}.Debug|Any CPU.ActiveCfg = Debug|Any CPU
		{4955B28F-4496-4EF1-9548-19CC4E80EED5}.Debug|Any CPU.Build.0 = Debug|Any CPU
		{4955B28F-4496-4EF1-9548-19CC4E80EED5}.Release|Any CPU.ActiveCfg = Release|Any CPU
		{4955B28F-4496-4EF1-9548-19CC4E80EED5}.Release|Any CPU.Build.0 = Release|Any CPU
	EndGlobalSection
	GlobalSection(SolutionProperties) = preSolution
		HideSolutionNode = FALSE
	EndGlobalSection
	GlobalSection(ExtensibilityGlobals) = postSolution
		SolutionGuid = {C6A93C26-725C-4DB5-9FC3-6D6FB176C849}
	EndGlobalSection
EndGlobal
