
Microsoft Visual Studio Solution File, Format Version 12.00
# Visual Studio Version 17
VisualStudioVersion = 17.13.35931.197 d17.13
MinimumVisualStudioVersion = 10.0.40219.1
Project("{FAE04EC0-301F-11D3-BF4B-00C04F79EFBC}") = "FirstClass", "FirstClass\FirstClass.csproj", "{A9CC61D1-0A50-4864-A6DA-1C02ED7C3EFE}"
EndProject
Global
	GlobalSection(SolutionConfigurationPlatforms) = preSolution
		Debug|Any CPU = Debug|Any CPU
		Release|Any CPU = Release|Any CPU
	EndGlobalSection
	GlobalSection(ProjectConfigurationPlatforms) = postSolution
		{A9CC61D1-0A50-4864-A6DA-1C02ED7C3EFE}.Debug|Any CPU.ActiveCfg = Debug|Any CPU
		{A9CC61D1-0A50-4864-A6DA-1C02ED7C3EFE}.Debug|Any CPU.Build.0 = Debug|Any CPU
		{A9CC61D1-0A50-4864-A6DA-1C02ED7C3EFE}.Release|Any CPU.ActiveCfg = Release|Any CPU
		{A9CC61D1-0A50-4864-A6DA-1C02ED7C3EFE}.Release|Any CPU.Build.0 = Release|Any CPU
	EndGlobalSection
	GlobalSection(SolutionProperties) = preSolution
		HideSolutionNode = FALSE
	EndGlobalSection
	GlobalSection(ExtensibilityGlobals) = postSolution
		SolutionGuid = {53359526-891B-42C5-8DAE-AEE285FC9BF3}
	EndGlobalSection
EndGlobal
