
Microsoft Visual Studio Solution File, Format Version 12.00
# Visual Studio 15
VisualStudioVersion = 15.0.28307.1300
MinimumVisualStudioVersion = 10.0.40219.1
Project("{FAE04EC0-301F-11D3-BF4B-00C04F79EFBC}") = "ToggleColours", "ToggleColours\ToggleColours.csproj", "{A74DAF18-B5DA-48E3-AF6F-6203301A9ECE}"
EndProject
Global
	GlobalSection(SolutionConfigurationPlatforms) = preSolution
		Debug|Any CPU = Debug|Any CPU
		Release|Any CPU = Release|Any CPU
	EndGlobalSection
	GlobalSection(ProjectConfigurationPlatforms) = postSolution
		{A74DAF18-B5DA-48E3-AF6F-6203301A9ECE}.Debug|Any CPU.ActiveCfg = Debug|Any CPU
		{A74DAF18-B5DA-48E3-AF6F-6203301A9ECE}.Debug|Any CPU.Build.0 = Debug|Any CPU
		{A74DAF18-B5DA-48E3-AF6F-6203301A9ECE}.Release|Any CPU.ActiveCfg = Release|Any CPU
		{A74DAF18-B5DA-48E3-AF6F-6203301A9ECE}.Release|Any CPU.Build.0 = Release|Any CPU
	EndGlobalSection
	GlobalSection(SolutionProperties) = preSolution
		HideSolutionNode = FALSE
	EndGlobalSection
	GlobalSection(ExtensibilityGlobals) = postSolution
		SolutionGuid = {AA91EA7E-F7A8-4B67-A4B1-4D911DEE24C5}
	EndGlobalSection
EndGlobal
